
Microsoft Visual Studio Solution File, Format Version 12.00
# Visual Studio Version 16
VisualStudioVersion = 16.0.31911.196
MinimumVisualStudioVersion = 10.0.40219.1
Project("{FAE04EC0-301F-11D3-BF4B-00C04F79EFBC}") = "CarouselImagesApp", "CarouselImagesApp\CarouselImagesApp.csproj", "{2C7C9699-5B3F-4898-B82C-308AD3A77081}"
EndProject
Global
	GlobalSection(SolutionConfigurationPlatforms) = preSolution
		Debug|Any CPU = Debug|Any CPU
		Release|Any CPU = Release|Any CPU
	EndGlobalSection
	GlobalSection(ProjectConfigurationPlatforms) = postSolution
		{2C7C9699-5B3F-4898-B82C-308AD3A77081}.Debug|Any CPU.ActiveCfg = Debug|Any CPU
		{2C7C9699-5B3F-4898-B82C-308AD3A77081}.Debug|Any CPU.Build.0 = Debug|Any CPU
		{2C7C9699-5B3F-4898-B82C-308AD3A77081}.Release|Any CPU.ActiveCfg = Release|Any CPU
		{2C7C9699-5B3F-4898-B82C-308AD3A77081}.Release|Any CPU.Build.0 = Release|Any CPU
	EndGlobalSection
	GlobalSection(SolutionProperties) = preSolution
		HideSolutionNode = FALSE
	EndGlobalSection
	GlobalSection(ExtensibilityGlobals) = postSolution
		SolutionGuid = {6965CFEF-C159-484D-BA50-E04525A1B9A3}
	EndGlobalSection
EndGlobal
